// !$*UTF8*$!
{
	archiveVersion = 1;
	classes = {
	};
	objectVersion = 50;
	objects = {

/* Begin PBXBuildFile section */
		532EBFF223CFBE2C00B760C3 /* AppDelegate.swift in Sources */ = {isa = PBXBuildFile; fileRef = 532EBFF123CFBE2C00B760C3 /* AppDelegate.swift */; };
		532EBFF423CFBE2C00B760C3 /* SceneDelegate.swift in Sources */ = {isa = PBXBuildFile; fileRef = 532EBFF323CFBE2C00B760C3 /* SceneDelegate.swift */; };
		532EBFF623CFBE2C00B760C3 /* ViewController.swift in Sources */ = {isa = PBXBuildFile; fileRef = 532EBFF523CFBE2C00B760C3 /* ViewController.swift */; };
		532EBFF923CFBE2C00B760C3 /* Main.storyboard in Resources */ = {isa = PBXBuildFile; fileRef = 532EBFF723CFBE2C00B760C3 /* Main.storyboard */; };
		532EBFFB23CFBE2D00B760C3 /* Assets.xcassets in Resources */ = {isa = PBXBuildFile; fileRef = 532EBFFA23CFBE2D00B760C3 /* Assets.xcassets */; };
		532EBFFE23CFBE2D00B760C3 /* LaunchScreen.storyboard in Resources */ = {isa = PBXBuildFile; fileRef = 532EBFFC23CFBE2D00B760C3 /* LaunchScreen.storyboard */; };
		532EC00923CFBE2E00B760C3 /* TMDBTests.swift in Sources */ = {isa = PBXBuildFile; fileRef = 532EC00823CFBE2E00B760C3 /* TMDBTests.swift */; };
/* End PBXBuildFile section */

/* Begin PBXContainerItemProxy section */
		532EC00523CFBE2E00B760C3 /* PBXContainerItemProxy */ = {
			isa = PBXContainerItemProxy;
			containerPortal = 532EBFE623CFBE2C00B760C3 /* Project object */;
			proxyType = 1;
			remoteGlobalIDString = 532EBFED23CFBE2C00B760C3;
			remoteInfo = TMDB;
		};
/* End PBXContainerItemProxy section */

/* Begin PBXFileReference section */
		532EBFEE23CFBE2C00B760C3 /* TMDB.app */ = {isa = PBXFileReference; explicitFileType = wrapper.application; includeInIndex = 0; path = TMDB.app; sourceTree = BUILT_PRODUCTS_DIR; };
		532EBFF123CFBE2C00B760C3 /* AppDelegate.swift */ = {isa = PBXFileReference; lastKnownFileType = sourcecode.swift; path = AppDelegate.swift; sourceTree = "<group>"; };
		532EBFF323CFBE2C00B760C3 /* SceneDelegate.swift */ = {isa = PBXFileReference; lastKnownFileType = sourcecode.swift; path = SceneDelegate.swift; sourceTree = "<group>"; };
		532EBFF523CFBE2C00B760C3 /* ViewController.swift */ = {isa = PBXFileReference; lastKnownFileType = sourcecode.swift; path = ViewController.swift; sourceTree = "<group>"; };
		532EBFF823CFBE2C00B760C3 /* Base */ = {isa = PBXFileReference; lastKnownFileType = file.storyboard; name = Base; path = Base.lproj/Main.storyboard; sourceTree = "<group>"; };
		532EBFFA23CFBE2D00B760C3 /* Assets.xcassets */ = {isa = PBXFileReference; lastKnownFileType = folder.assetcatalog; path = Assets.xcassets; sourceTree = "<group>"; };
		532EBFFD23CFBE2D00B760C3 /* Base */ = {isa = PBXFileReference; lastKnownFileType = file.storyboard; name = Base; path = Base.lproj/LaunchScreen.storyboard; sourceTree = "<group>"; };
		532EBFFF23CFBE2D00B760C3 /* Info.plist */ = {isa = PBXFileReference; lastKnownFileType = text.plist.xml; path = Info.plist; sourceTree = "<group>"; };
		532EC00423CFBE2E00B760C3 /* TMDBTests.xctest */ = {isa = PBXFileReference; explicitFileType = wrapper.cfbundle; includeInIndex = 0; path = TMDBTests.xctest; sourceTree = BUILT_PRODUCTS_DIR; };
		532EC00823CFBE2E00B760C3 /* TMDBTests.swift */ = {isa = PBXFileReference; lastKnownFileType = sourcecode.swift; path = TMDBTests.swift; sourceTree = "<group>"; };
		532EC00A23CFBE2E00B760C3 /* Info.plist */ = {isa = PBXFileReference; lastKnownFileType = text.plist.xml; path = Info.plist; sourceTree = "<group>"; };
/* End PBXFileReference section */

/* Begin PBXFrameworksBuildPhase section */
		532EBFEB23CFBE2C00B760C3 /* Frameworks */ = {
			isa = PBXFrameworksBuildPhase;
			buildActionMask = 2147483647;
			files = (
			);
			runOnlyForDeploymentPostprocessing = 0;
		};
		532EC00123CFBE2E00B760C3 /* Frameworks */ = {
			isa = PBXFrameworksBuildPhase;
			buildActionMask = 2147483647;
			files = (
			);
			runOnlyForDeploymentPostprocessing = 0;
		};
/* End PBXFrameworksBuildPhase section */

/* Begin PBXGroup section */
		532EBFE523CFBE2C00B760C3 = {
			isa = PBXGroup;
			children = (
				532EBFF023CFBE2C00B760C3 /* TMDB */,
				532EC00723CFBE2E00B760C3 /* TMDBTests */,
				532EBFEF23CFBE2C00B760C3 /* Products */,
			);
			sourceTree = "<group>";
		};
		532EBFEF23CFBE2C00B760C3 /* Products */ = {
			isa = PBXGroup;
			children = (
				532EBFEE23CFBE2C00B760C3 /* TMDB.app */,
				532EC00423CFBE2E00B760C3 /* TMDBTests.xctest */,
			);
			name = Products;
			sourceTree = "<group>";
		};
		532EBFF023CFBE2C00B760C3 /* TMDB */ = {
			isa = PBXGroup;
			children = (
				532EBFF123CFBE2C00B760C3 /* AppDelegate.swift */,
				532EBFF323CFBE2C00B760C3 /* SceneDelegate.swift */,
				532EBFF523CFBE2C00B760C3 /* ViewController.swift */,
				532EBFF723CFBE2C00B760C3 /* Main.storyboard */,
				532EBFFA23CFBE2D00B760C3 /* Assets.xcassets */,
				532EBFFC23CFBE2D00B760C3 /* LaunchScreen.storyboard */,
				532EBFFF23CFBE2D00B760C3 /* Info.plist */,
			);
			path = TMDB;
			sourceTree = "<group>";
		};
		532EC00723CFBE2E00B760C3 /* TMDBTests */ = {
			isa = PBXGroup;
			children = (
				532EC00823CFBE2E00B760C3 /* TMDBTests.swift */,
				532EC00A23CFBE2E00B760C3 /* Info.plist */,
			);
			path = TMDBTests;
			sourceTree = "<group>";
		};
/* End PBXGroup section */

/* Begin PBXNativeTarget section */
		532EBFED23CFBE2C00B760C3 /* TMDB */ = {
			isa = PBXNativeTarget;
			buildConfigurationList = 532EC00D23CFBE2E00B760C3 /* Build configuration list for PBXNativeTarget "TMDB" */;
			buildPhases = (
				532EBFEA23CFBE2C00B760C3 /* Sources */,
				532EBFEB23CFBE2C00B760C3 /* Frameworks */,
				532EBFEC23CFBE2C00B760C3 /* Resources */,
			);
			buildRules = (
			);
			dependencies = (
			);
			name = TMDB;
			productName = TMDB;
			productReference = 532EBFEE23CFBE2C00B760C3 /* TMDB.app */;
			productType = "com.apple.product-type.application";
		};
		532EC00323CFBE2E00B760C3 /* TMDBTests */ = {
			isa = PBXNativeTarget;
			buildConfigurationList = 532EC01023CFBE2E00B760C3 /* Build configuration list for PBXNativeTarget "TMDBTests" */;
			buildPhases = (
				532EC00023CFBE2E00B760C3 /* Sources */,
				532EC00123CFBE2E00B760C3 /* Frameworks */,
				532EC00223CFBE2E00B760C3 /* Resources */,
			);
			buildRules = (
			);
			dependencies = (
				532EC00623CFBE2E00B760C3 /* PBXTargetDependency */,
			);
			name = TMDBTests;
			productName = TMDBTests;
			productReference = 532EC00423CFBE2E00B760C3 /* TMDBTests.xctest */;
			productType = "com.apple.product-type.bundle.unit-test";
		};
/* End PBXNativeTarget section */

/* Begin PBXProject section */
		532EBFE623CFBE2C00B760C3 /* Project object */ = {
			isa = PBXProject;
			attributes = {
				LastSwiftUpdateCheck = 1130;
				LastUpgradeCheck = 1130;
				ORGANIZATIONNAME = RafaelDamasceno;
				TargetAttributes = {
					532EBFED23CFBE2C00B760C3 = {
						CreatedOnToolsVersion = 11.3;
					};
					532EC00323CFBE2E00B760C3 = {
						CreatedOnToolsVersion = 11.3;
						TestTargetID = 532EBFED23CFBE2C00B760C3;
					};
				};
			};
			buildConfigurationList = 532EBFE923CFBE2C00B760C3 /* Build configuration list for PBXProject "TMDB" */;
			compatibilityVersion = "Xcode 9.3";
			developmentRegion = en;
			hasScannedForEncodings = 0;
			knownRegions = (
				en,
				Base,
			);
			mainGroup = 532EBFE523CFBE2C00B760C3;
			productRefGroup = 532EBFEF23CFBE2C00B760C3 /* Products */;
			projectDirPath = "";
			projectRoot = "";
			targets = (
				532EBFED23CFBE2C00B760C3 /* TMDB */,
				532EC00323CFBE2E00B760C3 /* TMDBTests */,
			);
		};
/* End PBXProject section */

/* Begin PBXResourcesBuildPhase section */
		532EBFEC23CFBE2C00B760C3 /* Resources */ = {
			isa = PBXResourcesBuildPhase;
			buildActionMask = 2147483647;
			files = (
				532EBFFE23CFBE2D00B760C3 /* LaunchScreen.storyboard in Resources */,
				532EBFFB23CFBE2D00B760C3 /* Assets.xcassets in Resources */,
				532EBFF923CFBE2C00B760C3 /* Main.storyboard in Resources */,
			);
			runOnlyForDeploymentPostprocessing = 0;
		};
		532EC00223CFBE2E00B760C3 /* Resources */ = {
			isa = PBXResourcesBuildPhase;
			buildActionMask = 2147483647;
			files = (
			);
			runOnlyForDeploymentPostprocessing = 0;
		};
/* End PBXResourcesBuildPhase section */

/* Begin PBXSourcesBuildPhase section */
		532EBFEA23CFBE2C00B760C3 /* Sources */ = {
			isa = PBXSourcesBuildPhase;
			buildActionMask = 2147483647;
			files = (
				532EBFF623CFBE2C00B760C3 /* ViewController.swift in Sources */,
				532EBFF223CFBE2C00B760C3 /* AppDelegate.swift in Sources */,
				532EBFF423CFBE2C00B760C3 /* SceneDelegate.swift in Sources */,
			);
			runOnlyForDeploymentPostprocessing = 0;
		};
		532EC00023CFBE2E00B760C3 /* Sources */ = {
			isa = PBXSourcesBuildPhase;
			buildActionMask = 2147483647;
			files = (
				532EC00923CFBE2E00B760C3 /* TMDBTests.swift in Sources */,
			);
			runOnlyForDeploymentPostprocessing = 0;
		};
/* End PBXSourcesBuildPhase section */

/* Begin PBXTargetDependency section */
		532EC00623CFBE2E00B760C3 /* PBXTargetDependency */ = {
			isa = PBXTargetDependency;
			target = 532EBFED23CFBE2C00B760C3 /* TMDB */;
			targetProxy = 532EC00523CFBE2E00B760C3 /* PBXContainerItemProxy */;
		};
/* End PBXTargetDependency section */

/* Begin PBXVariantGroup section */
		532EBFF723CFBE2C00B760C3 /* Main.storyboard */ = {
			isa = PBXVariantGroup;
			children = (
				532EBFF823CFBE2C00B760C3 /* Base */,
			);
			name = Main.storyboard;
			sourceTree = "<group>";
		};
		532EBFFC23CFBE2D00B760C3 /* LaunchScreen.storyboard */ = {
			isa = PBXVariantGroup;
			children = (
				532EBFFD23CFBE2D00B760C3 /* Base */,
			);
			name = LaunchScreen.storyboard;
			sourceTree = "<group>";
		};
/* End PBXVariantGroup section */

/* Begin XCBuildConfiguration section */
		532EC00B23CFBE2E00B760C3 /* Debug */ = {
			isa = XCBuildConfiguration;
			buildSettings = {
				ALWAYS_SEARCH_USER_PATHS = NO;
				CLANG_ANALYZER_NONNULL = YES;
				CLANG_ANALYZER_NUMBER_OBJECT_CONVERSION = YES_AGGRESSIVE;
				CLANG_CXX_LANGUAGE_STANDARD = "gnu++14";
				CLANG_CXX_LIBRARY = "libc++";
				CLANG_ENABLE_MODULES = YES;
				CLANG_ENABLE_OBJC_ARC = YES;
				CLANG_ENABLE_OBJC_WEAK = YES;
				CLANG_WARN_BLOCK_CAPTURE_AUTORELEASING = YES;
				CLANG_WARN_BOOL_CONVERSION = YES;
				CLANG_WARN_COMMA = YES;
				CLANG_WARN_CONSTANT_CONVERSION = YES;
				CLANG_WARN_DEPRECATED_OBJC_IMPLEMENTATIONS = YES;
				CLANG_WARN_DIRECT_OBJC_ISA_USAGE = YES_ERROR;
				CLANG_WARN_DOCUMENTATION_COMMENTS = YES;
				CLANG_WARN_EMPTY_BODY = YES;
				CLANG_WARN_ENUM_CONVERSION = YES;
				CLANG_WARN_INFINITE_RECURSION = YES;
				CLANG_WARN_INT_CONVERSION = YES;
				CLANG_WARN_NON_LITERAL_NULL_CONVERSION = YES;
				CLANG_WARN_OBJC_IMPLICIT_RETAIN_SELF = YES;
				CLANG_WARN_OBJC_LITERAL_CONVERSION = YES;
				CLANG_WARN_OBJC_ROOT_CLASS = YES_ERROR;
				CLANG_WARN_RANGE_LOOP_ANALYSIS = YES;
				CLANG_WARN_STRICT_PROTOTYPES = YES;
				CLANG_WARN_SUSPICIOUS_MOVE = YES;
				CLANG_WARN_UNGUARDED_AVAILABILITY = YES_AGGRESSIVE;
				CLANG_WARN_UNREACHABLE_CODE = YES;
				CLANG_WARN__DUPLICATE_METHOD_MATCH = YES;
				COPY_PHASE_STRIP = NO;
				DEBUG_INFORMATION_FORMAT = dwarf;
				ENABLE_STRICT_OBJC_MSGSEND = YES;
				ENABLE_TESTABILITY = YES;
				GCC_C_LANGUAGE_STANDARD = gnu11;
				GCC_DYNAMIC_NO_PIC = NO;
				GCC_NO_COMMON_BLOCKS = YES;
				GCC_OPTIMIZATION_LEVEL = 0;
				GCC_PREPROCESSOR_DEFINITIONS = (
					"DEBUG=1",
					"$(inherited)",
				);
				GCC_WARN_64_TO_32_BIT_CONVERSION = YES;
				GCC_WARN_ABOUT_RETURN_TYPE = YES_ERROR;
				GCC_WARN_UNDECLARED_SELECTOR = YES;
				GCC_WARN_UNINITIALIZED_AUTOS = YES_AGGRESSIVE;
				GCC_WARN_UNUSED_FUNCTION = YES;
				GCC_WARN_UNUSED_VARIABLE = YES;
				IPHONEOS_DEPLOYMENT_TARGET = 13.2;
				MTL_ENABLE_DEBUG_INFO = INCLUDE_SOURCE;
				MTL_FAST_MATH = YES;
				ONLY_ACTIVE_ARCH = YES;
				SDKROOT = iphoneos;
				SWIFT_ACTIVE_COMPILATION_CONDITIONS = DEBUG;
				SWIFT_OPTIMIZATION_LEVEL = "-Onone";
			};
			name = Debug;
		};
		532EC00C23CFBE2E00B760C3 /* Release */ = {
			isa = XCBuildConfiguration;
			buildSettings = {
				ALWAYS_SEARCH_USER_PATHS = NO;
				CLANG_ANALYZER_NONNULL = YES;
				CLANG_ANALYZER_NUMBER_OBJECT_CONVERSION = YES_AGGRESSIVE;
				CLANG_CXX_LANGUAGE_STANDARD = "gnu++14";
				CLANG_CXX_LIBRARY = "libc++";
				CLANG_ENABLE_MODULES = YES;
				CLANG_ENABLE_OBJC_ARC = YES;
				CLANG_ENABLE_OBJC_WEAK = YES;
				CLANG_WARN_BLOCK_CAPTURE_AUTORELEASING = YES;
				CLANG_WARN_BOOL_CONVERSION = YES;
				CLANG_WARN_COMMA = YES;
				CLANG_WARN_CONSTANT_CONVERSION = YES;
				CLANG_WARN_DEPRECATED_OBJC_IMPLEMENTATIONS = YES;
				CLANG_WARN_DIRECT_OBJC_ISA_USAGE = YES_ERROR;
				CLANG_WARN_DOCUMENTATION_COMMENTS = YES;
				CLANG_WARN_EMPTY_BODY = YES;
				CLANG_WARN_ENUM_CONVERSION = YES;
				CLANG_WARN_INFINITE_RECURSION = YES;
				CLANG_WARN_INT_CONVERSION = YES;
				CLANG_WARN_NON_LITERAL_NULL_CONVERSION = YES;
				CLANG_WARN_OBJC_IMPLICIT_RETAIN_SELF = YES;
				CLANG_WARN_OBJC_LITERAL_CONVERSION = YES;
				CLANG_WARN_OBJC_ROOT_CLASS = YES_ERROR;
				CLANG_WARN_RANGE_LOOP_ANALYSIS = YES;
				CLANG_WARN_STRICT_PROTOTYPES = YES;
				CLANG_WARN_SUSPICIOUS_MOVE = YES;
				CLANG_WARN_UNGUARDED_AVAILABILITY = YES_AGGRESSIVE;
				CLANG_WARN_UNREACHABLE_CODE = YES;
				CLANG_WARN__DUPLICATE_METHOD_MATCH = YES;
				COPY_PHASE_STRIP = NO;
				DEBUG_INFORMATION_FORMAT = "dwarf-with-dsym";
				ENABLE_NS_ASSERTIONS = NO;
				ENABLE_STRICT_OBJC_MSGSEND = YES;
				GCC_C_LANGUAGE_STANDARD = gnu11;
				GCC_NO_COMMON_BLOCKS = YES;
				GCC_WARN_64_TO_32_BIT_CONVERSION = YES;
				GCC_WARN_ABOUT_RETURN_TYPE = YES_ERROR;
				GCC_WARN_UNDECLARED_SELECTOR = YES;
				GCC_WARN_UNINITIALIZED_AUTOS = YES_AGGRESSIVE;
				GCC_WARN_UNUSED_FUNCTION = YES;
				GCC_WARN_UNUSED_VARIABLE = YES;
				IPHONEOS_DEPLOYMENT_TARGET = 13.2;
				MTL_ENABLE_DEBUG_INFO = NO;
				MTL_FAST_MATH = YES;
				SDKROOT = iphoneos;
				SWIFT_COMPILATION_MODE = wholemodule;
				SWIFT_OPTIMIZATION_LEVEL = "-O";
				VALIDATE_PRODUCT = YES;
			};
			name = Release;
		};
		532EC00E23CFBE2E00B760C3 /* Debug */ = {
			isa = XCBuildConfiguration;
			buildSettings = {
				ASSETCATALOG_COMPILER_APPICON_NAME = AppIcon;
				CODE_SIGN_STYLE = Automatic;
				DEVELOPMENT_TEAM = 7UUT6QRU26;
				INFOPLIST_FILE = TMDB/Info.plist;
				LD_RUNPATH_SEARCH_PATHS = (
					"$(inherited)",
					"@executable_path/Frameworks",
				);
				PRODUCT_BUNDLE_IDENTIFIER = br.com.mobile.TMDB;
				PRODUCT_NAME = "$(TARGET_NAME)";
				SWIFT_VERSION = 5.0;
				TARGETED_DEVICE_FAMILY = "1,2";
			};
			name = Debug;
		};
		532EC00F23CFBE2E00B760C3 /* Release */ = {
			isa = XCBuildConfiguration;
			buildSettings = {
				ASSETCATALOG_COMPILER_APPICON_NAME = AppIcon;
				CODE_SIGN_STYLE = Automatic;
				DEVELOPMENT_TEAM = 7UUT6QRU26;
				INFOPLIST_FILE = TMDB/Info.plist;
				LD_RUNPATH_SEARCH_PATHS = (
					"$(inherited)",
					"@executable_path/Frameworks",
				);
				PRODUCT_BUNDLE_IDENTIFIER = br.com.mobile.TMDB;
				PRODUCT_NAME = "$(TARGET_NAME)";
				SWIFT_VERSION = 5.0;
				TARGETED_DEVICE_FAMILY = "1,2";
			};
			name = Release;
		};
		532EC01123CFBE2E00B760C3 /* Debug */ = {
			isa = XCBuildConfiguration;
			buildSettings = {
				ALWAYS_EMBED_SWIFT_STANDARD_LIBRARIES = YES;
				BUNDLE_LOADER = "$(TEST_HOST)";
				CODE_SIGN_STYLE = Automatic;
				DEVELOPMENT_TEAM = 7UUT6QRU26;
				INFOPLIST_FILE = TMDBTests/Info.plist;
				IPHONEOS_DEPLOYMENT_TARGET = 13.2;
				LD_RUNPATH_SEARCH_PATHS = (
					"$(inherited)",
					"@executable_path/Frameworks",
					"@loader_path/Frameworks",
				);
				PRODUCT_BUNDLE_IDENTIFIER = br.com.mobile.TMDBTests;
				PRODUCT_NAME = "$(TARGET_NAME)";
				SWIFT_VERSION = 5.0;
				TARGETED_DEVICE_FAMILY = "1,2";
				TEST_HOST = "$(BUILT_PRODUCTS_DIR)/TMDB.app/TMDB";
			};
			name = Debug;
		};
		532EC01223CFBE2E00B760C3 /* Release */ = {
			isa = XCBuildConfiguration;
			buildSettings = {
				ALWAYS_EMBED_SWIFT_STANDARD_LIBRARIES = YES;
				BUNDLE_LOADER = "$(TEST_HOST)";
				CODE_SIGN_STYLE = Automatic;
				DEVELOPMENT_TEAM = 7UUT6QRU26;
				INFOPLIST_FILE = TMDBTests/Info.plist;
				IPHONEOS_DEPLOYMENT_TARGET = 13.2;
				LD_RUNPATH_SEARCH_PATHS = (
					"$(inherited)",
					"@executable_path/Frameworks",
					"@loader_path/Frameworks",
				);
				PRODUCT_BUNDLE_IDENTIFIER = br.com.mobile.TMDBTests;
				PRODUCT_NAME = "$(TARGET_NAME)";
				SWIFT_VERSION = 5.0;
				TARGETED_DEVICE_FAMILY = "1,2";
				TEST_HOST = "$(BUILT_PRODUCTS_DIR)/TMDB.app/TMDB";
			};
			name = Release;
		};
/* End XCBuildConfiguration section */

/* Begin XCConfigurationList section */
		532EBFE923CFBE2C00B760C3 /* Build configuration list for PBXProject "TMDB" */ = {
			isa = XCConfigurationList;
			buildConfigurations = (
				532EC00B23CFBE2E00B760C3 /* Debug */,
				532EC00C23CFBE2E00B760C3 /* Release */,
			);
			defaultConfigurationIsVisible = 0;
			defaultConfigurationName = Release;
		};
		532EC00D23CFBE2E00B760C3 /* Build configuration list for PBXNativeTarget "TMDB" */ = {
			isa = XCConfigurationList;
			buildConfigurations = (
				532EC00E23CFBE2E00B760C3 /* Debug */,
				532EC00F23CFBE2E00B760C3 /* Release */,
			);
			defaultConfigurationIsVisible = 0;
			defaultConfigurationName = Release;
		};
		532EC01023CFBE2E00B760C3 /* Build configuration list for PBXNativeTarget "TMDBTests" */ = {
			isa = XCConfigurationList;
			buildConfigurations = (
				532EC01123CFBE2E00B760C3 /* Debug */,
				532EC01223CFBE2E00B760C3 /* Release */,
			);
			defaultConfigurationIsVisible = 0;
			defaultConfigurationName = Release;
		};
/* End XCConfigurationList section */
	};
	rootObject = 532EBFE623CFBE2C00B760C3 /* Project object */;
}
